// !$*UTF8*$!
{
	archiveVersion = 1;
	classes = {
	};
	objectVersion = 48;
	objects = {

/* Begin PBXBuildFile section */
		6DF637C01E0A675E001805B6 /* AppDelegate.swift in Sources */ = {isa = PBXBuildFile; fileRef = 6DF637BF1E0A675E001805B6 /* AppDelegate.swift */; };
		6DF637C21E0A675E001805B6 /* Assets.xcassets in Resources */ = {isa = PBXBuildFile; fileRef = 6DF637C11E0A675E001805B6 /* Assets.xcassets */; };
		6DF637C51E0A675E001805B6 /* MainMenu.xib in Resources */ = {isa = PBXBuildFile; fileRef = 6DF637C31E0A675E001805B6 /* MainMenu.xib */; };
		6DF637F81E0A75D9001805B6 /* FinderSync.swift in Sources */ = {isa = PBXBuildFile; fileRef = 6DF637F71E0A75D9001805B6 /* FinderSync.swift */; };
		6DF637FC1E0A75D9001805B6 /* FinderExtention.appex in Embed App Extensions */ = {isa = PBXBuildFile; fileRef = 6DF637F31E0A75D9001805B6 /* FinderExtention.appex */; settings = {ATTRIBUTES = (RemoveHeadersOnCopy, ); }; };
/* End PBXBuildFile section */

/* Begin PBXContainerItemProxy section */
		6DF637FA1E0A75D9001805B6 /* PBXContainerItemProxy */ = {
			isa = PBXContainerItemProxy;
			containerPortal = 6DF637B41E0A675E001805B6 /* Project object */;
			proxyType = 1;
			remoteGlobalIDString = 6DF637F21E0A75D9001805B6;
			remoteInfo = FinderExtention;
		};
/* End PBXContainerItemProxy section */

/* Begin PBXCopyFilesBuildPhase section */
		6DF637DD1E0A6782001805B6 /* Embed App Extensions */ = {
			isa = PBXCopyFilesBuildPhase;
			buildActionMask = 2147483647;
			dstPath = "";
			dstSubfolderSpec = 13;
			files = (
				6DF637FC1E0A75D9001805B6 /* FinderExtention.appex in Embed App Extensions */,
			);
			name = "Embed App Extensions";
			runOnlyForDeploymentPostprocessing = 0;
		};
/* End PBXCopyFilesBuildPhase section */

/* Begin PBXFileReference section */
		6DF637BC1E0A675E001805B6 /* NewFile.app */ = {isa = PBXFileReference; explicitFileType = wrapper.application; includeInIndex = 0; path = NewFile.app; sourceTree = BUILT_PRODUCTS_DIR; };
		6DF637BF1E0A675E001805B6 /* AppDelegate.swift */ = {isa = PBXFileReference; lastKnownFileType = sourcecode.swift; path = AppDelegate.swift; sourceTree = "<group>"; };
		6DF637C11E0A675E001805B6 /* Assets.xcassets */ = {isa = PBXFileReference; lastKnownFileType = folder.assetcatalog; path = Assets.xcassets; sourceTree = "<group>"; };
		6DF637C41E0A675E001805B6 /* Base */ = {isa = PBXFileReference; lastKnownFileType = file.xib; name = Base; path = Base.lproj/MainMenu.xib; sourceTree = "<group>"; };
		6DF637C61E0A675E001805B6 /* Info.plist */ = {isa = PBXFileReference; lastKnownFileType = text.plist.xml; path = Info.plist; sourceTree = "<group>"; };
		6DF637F31E0A75D9001805B6 /* FinderExtention.appex */ = {isa = PBXFileReference; explicitFileType = "wrapper.app-extension"; includeInIndex = 0; path = FinderExtention.appex; sourceTree = BUILT_PRODUCTS_DIR; };
		6DF637F61E0A75D9001805B6 /* FinderExtention.entitlements */ = {isa = PBXFileReference; lastKnownFileType = text.plist.entitlements; path = FinderExtention.entitlements; sourceTree = "<group>"; };
		6DF637F71E0A75D9001805B6 /* FinderSync.swift */ = {isa = PBXFileReference; lastKnownFileType = sourcecode.swift; path = FinderSync.swift; sourceTree = "<group>"; };
		6DF637F91E0A75D9001805B6 /* Info.plist */ = {isa = PBXFileReference; lastKnownFileType = text.plist.xml; path = Info.plist; sourceTree = "<group>"; };
/* End PBXFileReference section */

/* Begin PBXFrameworksBuildPhase section */
		6DF637B91E0A675E001805B6 /* Frameworks */ = {
			isa = PBXFrameworksBuildPhase;
			buildActionMask = 2147483647;
			files = (
			);
			runOnlyForDeploymentPostprocessing = 0;
		};
		6DF637F01E0A75D9001805B6 /* Frameworks */ = {
			isa = PBXFrameworksBuildPhase;
			buildActionMask = 2147483647;
			files = (
			);
			runOnlyForDeploymentPostprocessing = 0;
		};
/* End PBXFrameworksBuildPhase section */

/* Begin PBXGroup section */
		6DF637B31E0A675E001805B6 = {
			isa = PBXGroup;
			children = (
				6DF637BE1E0A675E001805B6 /* NewFile */,
				6DF637F41E0A75D9001805B6 /* FinderExtention */,
				6DF637BD1E0A675E001805B6 /* Products */,
			);
			sourceTree = "<group>";
		};
		6DF637BD1E0A675E001805B6 /* Products */ = {
			isa = PBXGroup;
			children = (
				6DF637BC1E0A675E001805B6 /* NewFile.app */,
				6DF637F31E0A75D9001805B6 /* FinderExtention.appex */,
			);
			name = Products;
			sourceTree = "<group>";
		};
		6DF637BE1E0A675E001805B6 /* NewFile */ = {
			isa = PBXGroup;
			children = (
				6DF637BF1E0A675E001805B6 /* AppDelegate.swift */,
				6DF637C11E0A675E001805B6 /* Assets.xcassets */,
				6DF637C31E0A675E001805B6 /* MainMenu.xib */,
				6DF637C61E0A675E001805B6 /* Info.plist */,
			);
			path = NewFile;
			sourceTree = "<group>";
		};
		6DF637F41E0A75D9001805B6 /* FinderExtention */ = {
			isa = PBXGroup;
			children = (
				6DF637F71E0A75D9001805B6 /* FinderSync.swift */,
				6DF637F91E0A75D9001805B6 /* Info.plist */,
				6DF637F51E0A75D9001805B6 /* Supporting Files */,
			);
			path = FinderExtention;
			sourceTree = "<group>";
		};
		6DF637F51E0A75D9001805B6 /* Supporting Files */ = {
			isa = PBXGroup;
			children = (
				6DF637F61E0A75D9001805B6 /* FinderExtention.entitlements */,
			);
			name = "Supporting Files";
			sourceTree = "<group>";
		};
/* End PBXGroup section */

/* Begin PBXNativeTarget section */
		6DF637BB1E0A675E001805B6 /* NewFile */ = {
			isa = PBXNativeTarget;
			buildConfigurationList = 6DF637C91E0A675E001805B6 /* Build configuration list for PBXNativeTarget "NewFile" */;
			buildPhases = (
				6DF637B81E0A675E001805B6 /* Sources */,
				6DF637B91E0A675E001805B6 /* Frameworks */,
				6DF637BA1E0A675E001805B6 /* Resources */,
				6DF637DD1E0A6782001805B6 /* Embed App Extensions */,
			);
			buildRules = (
			);
			dependencies = (
				6DF637FB1E0A75D9001805B6 /* PBXTargetDependency */,
			);
			name = NewFile;
			productName = NewFile;
			productReference = 6DF637BC1E0A675E001805B6 /* NewFile.app */;
			productType = "com.apple.product-type.application";
		};
		6DF637F21E0A75D9001805B6 /* FinderExtention */ = {
			isa = PBXNativeTarget;
			buildConfigurationList = 6DF637FD1E0A75D9001805B6 /* Build configuration list for PBXNativeTarget "FinderExtention" */;
			buildPhases = (
				6DF637EF1E0A75D9001805B6 /* Sources */,
				6DF637F01E0A75D9001805B6 /* Frameworks */,
				6DF637F11E0A75D9001805B6 /* Resources */,
			);
			buildRules = (
			);
			dependencies = (
			);
			name = FinderExtention;
			productName = FinderExtention;
			productReference = 6DF637F31E0A75D9001805B6 /* FinderExtention.appex */;
			productType = "com.apple.product-type.app-extension";
		};
/* End PBXNativeTarget section */

/* Begin PBXProject section */
		6DF637B41E0A675E001805B6 /* Project object */ = {
			isa = PBXProject;
			attributes = {
				LastSwiftUpdateCheck = 0820;
				LastUpgradeCheck = 1020;
				ORGANIZATIONNAME = "zhangzhiyong-pd@360.cn";
				TargetAttributes = {
					6DF637BB1E0A675E001805B6 = {
						CreatedOnToolsVersion = 8.2;
						ProvisioningStyle = Automatic;
					};
					6DF637F21E0A75D9001805B6 = {
						CreatedOnToolsVersion = 8.2;
						ProvisioningStyle = Automatic;
						SystemCapabilities = {
							com.apple.Sandbox = {
								enabled = 1;
							};
						};
					};
				};
			};
			buildConfigurationList = 6DF637B71E0A675E001805B6 /* Build configuration list for PBXProject "NewFile" */;
			compatibilityVersion = "Xcode 8.0";
			developmentRegion = en;
			hasScannedForEncodings = 0;
			knownRegions = (
				en,
				Base,
			);
			mainGroup = 6DF637B31E0A675E001805B6;
			productRefGroup = 6DF637BD1E0A675E001805B6 /* Products */;
			projectDirPath = "";
			projectRoot = "";
			targets = (
				6DF637BB1E0A675E001805B6 /* NewFile */,
				6DF637F21E0A75D9001805B6 /* FinderExtention */,
			);
		};
/* End PBXProject section */

/* Begin PBXResourcesBuildPhase section */
		6DF637BA1E0A675E001805B6 /* Resources */ = {
			isa = PBXResourcesBuildPhase;
			buildActionMask = 2147483647;
			files = (
				6DF637C21E0A675E001805B6 /* Assets.xcassets in Resources */,
				6DF637C51E0A675E001805B6 /* MainMenu.xib in Resources */,
			);
			runOnlyForDeploymentPostprocessing = 0;
		};
		6DF637F11E0A75D9001805B6 /* Resources */ = {
			isa = PBXResourcesBuildPhase;
			buildActionMask = 2147483647;
			files = (
			);
			runOnlyForDeploymentPostprocessing = 0;
		};
/* End PBXResourcesBuildPhase section */

/* Begin PBXSourcesBuildPhase section */
		6DF637B81E0A675E001805B6 /* Sources */ = {
			isa = PBXSourcesBuildPhase;
			buildActionMask = 2147483647;
			files = (
				6DF637C01E0A675E001805B6 /* AppDelegate.swift in Sources */,
			);
			runOnlyForDeploymentPostprocessing = 0;
		};
		6DF637EF1E0A75D9001805B6 /* Sources */ = {
			isa = PBXSourcesBuildPhase;
			buildActionMask = 2147483647;
			files = (
				6DF637F81E0A75D9001805B6 /* FinderSync.swift in Sources */,
			);
			runOnlyForDeploymentPostprocessing = 0;
		};
/* End PBXSourcesBuildPhase section */

/* Begin PBXTargetDependency section */
		6DF637FB1E0A75D9001805B6 /* PBXTargetDependency */ = {
			isa = PBXTargetDependency;
			target = 6DF637F21E0A75D9001805B6 /* FinderExtention */;
			targetProxy = 6DF637FA1E0A75D9001805B6 /* PBXContainerItemProxy */;
		};
/* End PBXTargetDependency section */

/* Begin PBXVariantGroup section */
		6DF637C31E0A675E001805B6 /* MainMenu.xib */ = {
			isa = PBXVariantGroup;
			children = (
				6DF637C41E0A675E001805B6 /* Base */,
			);
			name = MainMenu.xib;
			sourceTree = "<group>";
		};
/* End PBXVariantGroup section */

/* Begin XCBuildConfiguration section */
		6DF637C71E0A675E001805B6 /* Debug */ = {
			isa = XCBuildConfiguration;
			buildSettings = {
				ALWAYS_SEARCH_USER_PATHS = NO;
				CLANG_ANALYZER_LOCALIZABILITY_NONLOCALIZED = YES;
				CLANG_ANALYZER_NONNULL = YES;
				CLANG_CXX_LANGUAGE_STANDARD = "gnu++0x";
				CLANG_CXX_LIBRARY = "libc++";
				CLANG_ENABLE_MODULES = YES;
				CLANG_ENABLE_OBJC_ARC = YES;
				CLANG_WARN_BLOCK_CAPTURE_AUTORELEASING = YES;
				CLANG_WARN_BOOL_CONVERSION = YES;
				CLANG_WARN_COMMA = YES;
				CLANG_WARN_CONSTANT_CONVERSION = YES;
				CLANG_WARN_DEPRECATED_OBJC_IMPLEMENTATIONS = YES;
				CLANG_WARN_DIRECT_OBJC_ISA_USAGE = YES_ERROR;
				CLANG_WARN_DOCUMENTATION_COMMENTS = YES;
				CLANG_WARN_EMPTY_BODY = YES;
				CLANG_WARN_ENUM_CONVERSION = YES;
				CLANG_WARN_INFINITE_RECURSION = YES;
				CLANG_WARN_INT_CONVERSION = YES;
				CLANG_WARN_NON_LITERAL_NULL_CONVERSION = YES;
				CLANG_WARN_OBJC_IMPLICIT_RETAIN_SELF = YES;
				CLANG_WARN_OBJC_LITERAL_CONVERSION = YES;
				CLANG_WARN_OBJC_ROOT_CLASS = YES_ERROR;
				CLANG_WARN_RANGE_LOOP_ANALYSIS = YES;
				CLANG_WARN_STRICT_PROTOTYPES = YES;
				CLANG_WARN_SUSPICIOUS_MOVE = YES;
				CLANG_WARN_UNREACHABLE_CODE = YES;
				CLANG_WARN__DUPLICATE_METHOD_MATCH = YES;
				CODE_SIGN_IDENTITY = "-";
				COPY_PHASE_STRIP = NO;
				DEBUG_INFORMATION_FORMAT = dwarf;
				ENABLE_STRICT_OBJC_MSGSEND = YES;
				ENABLE_TESTABILITY = YES;
				GCC_C_LANGUAGE_STANDARD = gnu99;
				GCC_DYNAMIC_NO_PIC = NO;
				GCC_NO_COMMON_BLOCKS = YES;
				GCC_OPTIMIZATION_LEVEL = 0;
				GCC_PREPROCESSOR_DEFINITIONS = (
					"DEBUG=1",
					"$(inherited)",
				);
				GCC_WARN_64_TO_32_BIT_CONVERSION = YES;
				GCC_WARN_ABOUT_RETURN_TYPE = YES_ERROR;
				GCC_WARN_UNDECLARED_SELECTOR = YES;
				GCC_WARN_UNINITIALIZED_AUTOS = YES_AGGRESSIVE;
				GCC_WARN_UNUSED_FUNCTION = YES;
				GCC_WARN_UNUSED_VARIABLE = YES;
				MACOSX_DEPLOYMENT_TARGET = 10.11;
				MTL_ENABLE_DEBUG_INFO = YES;
				ONLY_ACTIVE_ARCH = YES;
				SDKROOT = macosx;
				SWIFT_ACTIVE_COMPILATION_CONDITIONS = DEBUG;
				SWIFT_OPTIMIZATION_LEVEL = "-Onone";
			};
			name = Debug;
		};
		6DF637C81E0A675E001805B6 /* Release */ = {
			isa = XCBuildConfiguration;
			buildSettings = {
				ALWAYS_SEARCH_USER_PATHS = NO;
				CLANG_ANALYZER_LOCALIZABILITY_NONLOCALIZED = YES;
				CLANG_ANALYZER_NONNULL = YES;
				CLANG_CXX_LANGUAGE_STANDARD = "gnu++0x";
				CLANG_CXX_LIBRARY = "libc++";
				CLANG_ENABLE_MODULES = YES;
				CLANG_ENABLE_OBJC_ARC = YES;
				CLANG_WARN_BLOCK_CAPTURE_AUTORELEASING = YES;
				CLANG_WARN_BOOL_CONVERSION = YES;
				CLANG_WARN_COMMA = YES;
				CLANG_WARN_CONSTANT_CONVERSION = YES;
				CLANG_WARN_DEPRECATED_OBJC_IMPLEMENTATIONS = YES;
				CLANG_WARN_DIRECT_OBJC_ISA_USAGE = YES_ERROR;
				CLANG_WARN_DOCUMENTATION_COMMENTS = YES;
				CLANG_WARN_EMPTY_BODY = YES;
				CLANG_WARN_ENUM_CONVERSION = YES;
				CLANG_WARN_INFINITE_RECURSION = YES;
				CLANG_WARN_INT_CONVERSION = YES;
				CLANG_WARN_NON_LITERAL_NULL_CONVERSION = YES;
				CLANG_WARN_OBJC_IMPLICIT_RETAIN_SELF = YES;
				CLANG_WARN_OBJC_LITERAL_CONVERSION = YES;
				CLANG_WARN_OBJC_ROOT_CLASS = YES_ERROR;
				CLANG_WARN_RANGE_LOOP_ANALYSIS = YES;
				CLANG_WARN_STRICT_PROTOTYPES = YES;
				CLANG_WARN_SUSPICIOUS_MOVE = YES;
				CLANG_WARN_UNREACHABLE_CODE = YES;
				CLANG_WARN__DUPLICATE_METHOD_MATCH = YES;
				CODE_SIGN_IDENTITY = "-";
				COPY_PHASE_STRIP = NO;
				DEBUG_INFORMATION_FORMAT = "dwarf-with-dsym";
				ENABLE_NS_ASSERTIONS = NO;
				ENABLE_STRICT_OBJC_MSGSEND = YES;
				GCC_C_LANGUAGE_STANDARD = gnu99;
				GCC_NO_COMMON_BLOCKS = YES;
				GCC_WARN_64_TO_32_BIT_CONVERSION = YES;
				GCC_WARN_ABOUT_RETURN_TYPE = YES_ERROR;
				GCC_WARN_UNDECLARED_SELECTOR = YES;
				GCC_WARN_UNINITIALIZED_AUTOS = YES_AGGRESSIVE;
				GCC_WARN_UNUSED_FUNCTION = YES;
				GCC_WARN_UNUSED_VARIABLE = YES;
				MACOSX_DEPLOYMENT_TARGET = 10.11;
				MTL_ENABLE_DEBUG_INFO = NO;
				SDKROOT = macosx;
				SWIFT_OPTIMIZATION_LEVEL = "-Owholemodule";
			};
			name = Release;
		};
		6DF637CA1E0A675E001805B6 /* Debug */ = {
			isa = XCBuildConfiguration;
			buildSettings = {
				ALWAYS_EMBED_SWIFT_STANDARD_LIBRARIES = YES;
				ASSETCATALOG_COMPILER_APPICON_NAME = AppIcon;
				COMBINE_HIDPI_IMAGES = YES;
				INFOPLIST_FILE = NewFile/Info.plist;
				LD_RUNPATH_SEARCH_PATHS = "$(inherited) @executable_path/../Frameworks";
				PRODUCT_BUNDLE_IDENTIFIER = com.gwesley.NewFile;
				PRODUCT_NAME = "$(TARGET_NAME)";
				SWIFT_VERSION = 4.2;
			};
			name = Debug;
		};
		6DF637CB1E0A675E001805B6 /* Release */ = {
			isa = XCBuildConfiguration;
			buildSettings = {
				ALWAYS_EMBED_SWIFT_STANDARD_LIBRARIES = YES;
				ASSETCATALOG_COMPILER_APPICON_NAME = AppIcon;
				COMBINE_HIDPI_IMAGES = YES;
				INFOPLIST_FILE = NewFile/Info.plist;
				LD_RUNPATH_SEARCH_PATHS = "$(inherited) @executable_path/../Frameworks";
				PRODUCT_BUNDLE_IDENTIFIER = com.gwesley.NewFile;
				PRODUCT_NAME = "$(TARGET_NAME)";
				SWIFT_VERSION = 4.2;
			};
			name = Release;
		};
		6DF637FE1E0A75D9001805B6 /* Debug */ = {
			isa = XCBuildConfiguration;
			buildSettings = {
				CODE_SIGN_ENTITLEMENTS = FinderExtention/FinderExtention.entitlements;
				COMBINE_HIDPI_IMAGES = YES;
				INFOPLIST_FILE = FinderExtention/Info.plist;
				LD_RUNPATH_SEARCH_PATHS = "$(inherited) @executable_path/../Frameworks @executable_path/../../../../Frameworks";
				PRODUCT_BUNDLE_IDENTIFIER = com.gwesley.NewFile.FinderExtention;
				PRODUCT_NAME = "$(TARGET_NAME)";
				SKIP_INSTALL = YES;
				SWIFT_VERSION = 4.2;
			};
			name = Debug;
		};
		6DF637FF1E0A75D9001805B6 /* Release */ = {
			isa = XCBuildConfiguration;
			buildSettings = {
				CODE_SIGN_ENTITLEMENTS = FinderExtention/FinderExtention.entitlements;
				COMBINE_HIDPI_IMAGES = YES;
				INFOPLIST_FILE = FinderExtention/Info.plist;
				LD_RUNPATH_SEARCH_PATHS = "$(inherited) @executable_path/../Frameworks @executable_path/../../../../Frameworks";
				PRODUCT_BUNDLE_IDENTIFIER = com.gwesley.NewFile.FinderExtention;
				PRODUCT_NAME = "$(TARGET_NAME)";
				SKIP_INSTALL = YES;
				SWIFT_VERSION = 4.2;
			};
			name = Release;
		};
/* End XCBuildConfiguration section */

/* Begin XCConfigurationList section */
		6DF637B71E0A675E001805B6 /* Build configuration list for PBXProject "NewFile" */ = {
			isa = XCConfigurationList;
			buildConfigurations = (
				6DF637C71E0A675E001805B6 /* Debug */,
				6DF637C81E0A675E001805B6 /* Release */,
			);
			defaultConfigurationIsVisible = 0;
			defaultConfigurationName = Release;
		};
		6DF637C91E0A675E001805B6 /* Build configuration list for PBXNativeTarget "NewFile" */ = {
			isa = XCConfigurationList;
			buildConfigurations = (
				6DF637CA1E0A675E001805B6 /* Debug */,
				6DF637CB1E0A675E001805B6 /* Release */,
			);
			defaultConfigurationIsVisible = 0;
			defaultConfigurationName = Release;
		};
		6DF637FD1E0A75D9001805B6 /* Build configuration list for PBXNativeTarget "FinderExtention" */ = {
			isa = XCConfigurationList;
			buildConfigurations = (
				6DF637FE1E0A75D9001805B6 /* Debug */,
				6DF637FF1E0A75D9001805B6 /* Release */,
			);
			defaultConfigurationIsVisible = 0;
			defaultConfigurationName = Release;
		};
/* End XCConfigurationList section */
	};
	rootObject = 6DF637B41E0A675E001805B6 /* Project object */;
}
